# @generated - this file is auto-generated by `mise lock` https://mise.en.dev/dev-tools/mise-lock.html

[[tools.elixir]]
version = "1.19.3-otp-28"
backend = "core:elixir"

[tools.elixir."platforms.linux-x64"]
checksum = "sha256:537e976fd0f78644f6369efa87b64c9204a5ff0e7aa3185a4d3aec4e2805cae8"
url = "https://builds.hex.pm/builds/elixir/v1.19.3-otp-28.zip"

[tools.elixir."platforms.macos-arm64"]
checksum = "sha256:537e976fd0f78644f6369efa87b64c9204a5ff0e7aa3185a4d3aec4e2805cae8"
url = "https://builds.hex.pm/builds/elixir/v1.19.3-otp-28.zip"

[[tools.erlang]]
version = "28.5"
backend = "core:erlang"

[tools.erlang.options]
precompiled = "if_available"
precompiled_os = "ubuntu-24.04"

[tools.erlang."platforms.linux-x64"]
url = "https://builds.hex.pm/builds/otp/amd64/ubuntu-24.04/OTP-28.5.tar.gz"

[[tools.erlang]]
version = "28.5"
backend = "core:erlang"

[tools.erlang.options]
precompiled = "if_available"

[tools.erlang."platforms.macos-arm64"]
checksum = "sha256:f365335cf6c705b52557f4d3a4c4058e2e689a0e58d822160688d0cc8a736b92"
url = "https://github.com/erlef/otp_builds/releases/download/OTP-28.5/otp-aarch64-apple-darwin.tar.gz"
url_api = "https://api.github.com/repos/erlef/otp_builds/releases/assets/403427927"
